
Microsoft Visual Studio Solution File, Format Version 12.00
# Visual Studio 15
VisualStudioVersion = 15.0.26430.16
MinimumVisualStudioVersion = 10.0.40219.1
Project("{FAE04EC0-301F-11D3-BF4B-00C04F79EFBC}") = "ECG Compression Evaluation", "ECG Compression Evaluation\ECG Compression Evaluation.csproj", "{EBD0522C-0328-4C10-8D3C-1A5FAB4F58B0}"
	ProjectSection(ProjectDependencies) = postProject
		{568ED538-F03D-4CBD-97E4-6C2D8E0BC83E} = {568ED538-F03D-4CBD-97E4-6C2D8E0BC83E}
	EndProjectSection
EndProject
Project("{8BC9CEB8-8B4A-11D0-8D11-00A0C91BC942}") = "libecg-clr-interface", "..\libecg-clr-interface\libecg-clr-interface\libecg-clr-interface\libecg-clr-interface.vcxproj", "{568ED538-F03D-4CBD-97E4-6C2D8E0BC83E}"
EndProject
Global
	GlobalSection(SolutionConfigurationPlatforms) = preSolution
		Debug|Any CPU = Debug|Any CPU
		Debug|x64 = Debug|x64
		Debug|x86 = Debug|x86
		Release|Any CPU = Release|Any CPU
		Release|x64 = Release|x64
		Release|x86 = Release|x86
	EndGlobalSection
	GlobalSection(ProjectConfigurationPlatforms) = postSolution
		{EBD0522C-0328-4C10-8D3C-1A5FAB4F58B0}.Debug|Any CPU.ActiveCfg = Debug|Any CPU
		{EBD0522C-0328-4C10-8D3C-1A5FAB4F58B0}.Debug|Any CPU.Build.0 = Debug|Any CPU
		{EBD0522C-0328-4C10-8D3C-1A5FAB4F58B0}.Debug|x64.ActiveCfg = Debug|Any CPU
		{EBD0522C-0328-4C10-8D3C-1A5FAB4F58B0}.Debug|x64.Build.0 = Debug|Any CPU
		{EBD0522C-0328-4C10-8D3C-1A5FAB4F58B0}.Debug|x86.ActiveCfg = Debug|Any CPU
		{EBD0522C-0328-4C10-8D3C-1A5FAB4F58B0}.Debug|x86.Build.0 = Debug|Any CPU
		{EBD0522C-0328-4C10-8D3C-1A5FAB4F58B0}.Release|Any CPU.ActiveCfg = Release|Any CPU
		{EBD0522C-0328-4C10-8D3C-1A5FAB4F58B0}.Release|Any CPU.Build.0 = Release|Any CPU
		{EBD0522C-0328-4C10-8D3C-1A5FAB4F58B0}.Release|x64.ActiveCfg = Release|Any CPU
		{EBD0522C-0328-4C10-8D3C-1A5FAB4F58B0}.Release|x64.Build.0 = Release|Any CPU
		{EBD0522C-0328-4C10-8D3C-1A5FAB4F58B0}.Release|x86.ActiveCfg = Release|Any CPU
		{EBD0522C-0328-4C10-8D3C-1A5FAB4F58B0}.Release|x86.Build.0 = Release|Any CPU
		{568ED538-F03D-4CBD-97E4-6C2D8E0BC83E}.Debug|Any CPU.ActiveCfg = Debug|Win32
		{568ED538-F03D-4CBD-97E4-6C2D8E0BC83E}.Debug|Any CPU.Build.0 = Debug|Win32
		{568ED538-F03D-4CBD-97E4-6C2D8E0BC83E}.Debug|x64.ActiveCfg = Debug|x64
		{568ED538-F03D-4CBD-97E4-6C2D8E0BC83E}.Debug|x64.Build.0 = Debug|x64
		{568ED538-F03D-4CBD-97E4-6C2D8E0BC83E}.Debug|x86.ActiveCfg = Debug|Win32
		{568ED538-F03D-4CBD-97E4-6C2D8E0BC83E}.Debug|x86.Build.0 = Debug|Win32
		{568ED538-F03D-4CBD-97E4-6C2D8E0BC83E}.Release|Any CPU.ActiveCfg = Release|Win32
		{568ED538-F03D-4CBD-97E4-6C2D8E0BC83E}.Release|Any CPU.Build.0 = Release|Win32
		{568ED538-F03D-4CBD-97E4-6C2D8E0BC83E}.Release|x64.ActiveCfg = Release|x64
		{568ED538-F03D-4CBD-97E4-6C2D8E0BC83E}.Release|x64.Build.0 = Release|x64
		{568ED538-F03D-4CBD-97E4-6C2D8E0BC83E}.Release|x86.ActiveCfg = Release|Win32
		{568ED538-F03D-4CBD-97E4-6C2D8E0BC83E}.Release|x86.Build.0 = Release|Win32
	EndGlobalSection
	GlobalSection(SolutionProperties) = preSolution
		HideSolutionNode = FALSE
	EndGlobalSection
	GlobalSection(ExtensibilityGlobals) = postSolution
		SolutionGuid = {8E41D014-BAC4-4F16-9933-0BB67A56F97C}
	EndGlobalSection
EndGlobal
