
Microsoft Visual Studio Solution File, Format Version 12.00
# Visual Studio 15
VisualStudioVersion = 15.0.26430.16
MinimumVisualStudioVersion = 10.0.40219.1
Project("{FAE04EC0-301F-11D3-BF4B-00C04F79EFBC}") = "ECG Compression Evaluation", "ECG Compression Evaluation\ECG Compression Evaluation.csproj", "{EBD0522C-0328-4C10-8D3C-1A5FAB4F58B0}"
EndProject
Global
	GlobalSection(SolutionConfigurationPlatforms) = preSolution
		Debug|Any CPU = Debug|Any CPU
		Release|Any CPU = Release|Any CPU
	EndGlobalSection
	GlobalSection(ProjectConfigurationPlatforms) = postSolution
		{EBD0522C-0328-4C10-8D3C-1A5FAB4F58B0}.Debug|Any CPU.ActiveCfg = Debug|Any CPU
		{EBD0522C-0328-4C10-8D3C-1A5FAB4F58B0}.Debug|Any CPU.Build.0 = Debug|Any CPU
		{EBD0522C-0328-4C10-8D3C-1A5FAB4F58B0}.Release|Any CPU.ActiveCfg = Release|Any CPU
		{EBD0522C-0328-4C10-8D3C-1A5FAB4F58B0}.Release|Any CPU.Build.0 = Release|Any CPU
	EndGlobalSection
	GlobalSection(SolutionProperties) = preSolution
		HideSolutionNode = FALSE
	EndGlobalSection
EndGlobal
